// !$*UTF8*$!
{
	archiveVersion = 1;
	classes = {
	};
	objectVersion = 46;
	objects = {

/* Begin PBXBuildFile section */
		C1863DC61CAE0BBB006DA9D3 /* AppDelegate.swift in Sources */ = {isa = PBXBuildFile; fileRef = C1863DC51CAE0BBB006DA9D3 /* AppDelegate.swift */; };
		C1863DC81CAE0BBB006DA9D3 /* ViewController.swift in Sources */ = {isa = PBXBuildFile; fileRef = C1863DC71CAE0BBB006DA9D3 /* ViewController.swift */; };
		C1863DCB1CAE0BBB006DA9D3 /* Main.storyboard in Resources */ = {isa = PBXBuildFile; fileRef = C1863DC91CAE0BBB006DA9D3 /* Main.storyboard */; };
		C1863DCD1CAE0BBB006DA9D3 /* Assets.xcassets in Resources */ = {isa = PBXBuildFile; fileRef = C1863DCC1CAE0BBB006DA9D3 /* Assets.xcassets */; };
		C1863DD01CAE0BBB006DA9D3 /* LaunchScreen.storyboard in Resources */ = {isa = PBXBuildFile; fileRef = C1863DCE1CAE0BBB006DA9D3 /* LaunchScreen.storyboard */; };
/* End PBXBuildFile section */

/* Begin PBXFileReference section */
		C1863DC21CAE0BBB006DA9D3 /* Ios course github.app */ = {isa = PBXFileReference; explicitFileType = wrapper.application; includeInIndex = 0; path = "Ios course github.app"; sourceTree = BUILT_PRODUCTS_DIR; };
		C1863DC51CAE0BBB006DA9D3 /* AppDelegate.swift */ = {isa = PBXFileReference; lastKnownFileType = sourcecode.swift; path = AppDelegate.swift; sourceTree = "<group>"; };
		C1863DC71CAE0BBB006DA9D3 /* ViewController.swift */ = {isa = PBXFileReference; lastKnownFileType = sourcecode.swift; path = ViewController.swift; sourceTree = "<group>"; };
		C1863DCA1CAE0BBB006DA9D3 /* Base */ = {isa = PBXFileReference; lastKnownFileType = file.storyboard; name = Base; path = Base.lproj/Main.storyboard; sourceTree = "<group>"; };
		C1863DCC1CAE0BBB006DA9D3 /* Assets.xcassets */ = {isa = PBXFileReference; lastKnownFileType = folder.assetcatalog; path = Assets.xcassets; sourceTree = "<group>"; };
		C1863DCF1CAE0BBB006DA9D3 /* Base */ = {isa = PBXFileReference; lastKnownFileType = file.storyboard; name = Base; path = Base.lproj/LaunchScreen.storyboard; sourceTree = "<group>"; };
		C1863DD11CAE0BBB006DA9D3 /* Info.plist */ = {isa = PBXFileReference; lastKnownFileType = text.plist.xml; path = Info.plist; sourceTree = "<group>"; };
/* End PBXFileReference section */

/* Begin PBXFrameworksBuildPhase section */
		C1863DBF1CAE0BBB006DA9D3 /* Frameworks */ = {
			isa = PBXFrameworksBuildPhase;
			buildActionMask = 2147483647;
			files = (
			);
			runOnlyForDeploymentPostprocessing = 0;
		};
/* End PBXFrameworksBuildPhase section */

/* Begin PBXGroup section */
		C1863DB91CAE0BBB006DA9D3 = {
			isa = PBXGroup;
			children = (
				C1863DC41CAE0BBB006DA9D3 /* Ios course github */,
				C1863DC31CAE0BBB006DA9D3 /* Products */,
			);
			sourceTree = "<group>";
		};
		C1863DC31CAE0BBB006DA9D3 /* Products */ = {
			isa = PBXGroup;
			children = (
				C1863DC21CAE0BBB006DA9D3 /* Ios course github.app */,
			);
			name = Products;
			sourceTree = "<group>";
		};
		C1863DC41CAE0BBB006DA9D3 /* Ios course github */ = {
			isa = PBXGroup;
			children = (
				C1863DC51CAE0BBB006DA9D3 /* AppDelegate.swift */,
				C1863DC71CAE0BBB006DA9D3 /* ViewController.swift */,
				C1863DC91CAE0BBB006DA9D3 /* Main.storyboard */,
				C1863DCC1CAE0BBB006DA9D3 /* Assets.xcassets */,
				C1863DCE1CAE0BBB006DA9D3 /* LaunchScreen.storyboard */,
				C1863DD11CAE0BBB006DA9D3 /* Info.plist */,
			);
			path = "Ios course github";
			sourceTree = "<group>";
		};
/* End PBXGroup section */

/* Begin PBXNativeTarget section */
		C1863DC11CAE0BBB006DA9D3 /* Ios course github */ = {
			isa = PBXNativeTarget;
			buildConfigurationList = C1863DD41CAE0BBB006DA9D3 /* Build configuration list for PBXNativeTarget "Ios course github" */;
			buildPhases = (
				C1863DBE1CAE0BBB006DA9D3 /* Sources */,
				C1863DBF1CAE0BBB006DA9D3 /* Frameworks */,
				C1863DC01CAE0BBB006DA9D3 /* Resources */,
			);
			buildRules = (
			);
			dependencies = (
			);
			name = "Ios course github";
			productName = "Ios course github";
			productReference = C1863DC21CAE0BBB006DA9D3 /* Ios course github.app */;
			productType = "com.apple.product-type.application";
		};
/* End PBXNativeTarget section */

/* Begin PBXProject section */
		C1863DBA1CAE0BBB006DA9D3 /* Project object */ = {
			isa = PBXProject;
			attributes = {
				LastSwiftUpdateCheck = 0730;
				LastUpgradeCheck = 0730;
				ORGANIZATIONNAME = "Dante Ginocchio";
				TargetAttributes = {
					C1863DC11CAE0BBB006DA9D3 = {
						CreatedOnToolsVersion = 7.3;
					};
				};
			};
			buildConfigurationList = C1863DBD1CAE0BBB006DA9D3 /* Build configuration list for PBXProject "Ios course github" */;
			compatibilityVersion = "Xcode 3.2";
			developmentRegion = English;
			hasScannedForEncodings = 0;
			knownRegions = (
				en,
				Base,
			);
			mainGroup = C1863DB91CAE0BBB006DA9D3;
			productRefGroup = C1863DC31CAE0BBB006DA9D3 /* Products */;
			projectDirPath = "";
			projectRoot = "";
			targets = (
				C1863DC11CAE0BBB006DA9D3 /* Ios course github */,
			);
		};
/* End PBXProject section */

/* Begin PBXResourcesBuildPhase section */
		C1863DC01CAE0BBB006DA9D3 /* Resources */ = {
			isa = PBXResourcesBuildPhase;
			buildActionMask = 2147483647;
			files = (
				C1863DD01CAE0BBB006DA9D3 /* LaunchScreen.storyboard in Resources */,
				C1863DCD1CAE0BBB006DA9D3 /* Assets.xcassets in Resources */,
				C1863DCB1CAE0BBB006DA9D3 /* Main.storyboard in Resources */,
			);
			runOnlyForDeploymentPostprocessing = 0;
		};
/* End PBXResourcesBuildPhase section */

/* Begin PBXSourcesBuildPhase section */
		C1863DBE1CAE0BBB006DA9D3 /* Sources */ = {
			isa = PBXSourcesBuildPhase;
			buildActionMask = 2147483647;
			files = (
				C1863DC81CAE0BBB006DA9D3 /* ViewController.swift in Sources */,
				C1863DC61CAE0BBB006DA9D3 /* AppDelegate.swift in Sources */,
			);
			runOnlyForDeploymentPostprocessing = 0;
		};
/* End PBXSourcesBuildPhase section */

/* Begin PBXVariantGroup section */
		C1863DC91CAE0BBB006DA9D3 /* Main.storyboard */ = {
			isa = PBXVariantGroup;
			children = (
				C1863DCA1CAE0BBB006DA9D3 /* Base */,
			);
			name = Main.storyboard;
			sourceTree = "<group>";
		};
		C1863DCE1CAE0BBB006DA9D3 /* LaunchScreen.storyboard */ = {
			isa = PBXVariantGroup;
			children = (
				C1863DCF1CAE0BBB006DA9D3 /* Base */,
			);
			name = LaunchScreen.storyboard;
			sourceTree = "<group>";
		};
/* End PBXVariantGroup section */

/* Begin XCBuildConfiguration section */
		C1863DD21CAE0BBB006DA9D3 /* Debug */ = {
			isa = XCBuildConfiguration;
			buildSettings = {
				ALWAYS_SEARCH_USER_PATHS = NO;
				CLANG_ANALYZER_NONNULL = YES;
				CLANG_CXX_LANGUAGE_STANDARD = "gnu++0x";
				CLANG_CXX_LIBRARY = "libc++";
				CLANG_ENABLE_MODULES = YES;
				CLANG_ENABLE_OBJC_ARC = YES;
				CLANG_WARN_BOOL_CONVERSION = YES;
				CLANG_WARN_CONSTANT_CONVERSION = YES;
				CLANG_WARN_DIRECT_OBJC_ISA_USAGE = YES_ERROR;
				CLANG_WARN_EMPTY_BODY = YES;
				CLANG_WARN_ENUM_CONVERSION = YES;
				CLANG_WARN_INT_CONVERSION = YES;
				CLANG_WARN_OBJC_ROOT_CLASS = YES_ERROR;
				CLANG_WARN_UNREACHABLE_CODE = YES;
				CLANG_WARN__DUPLICATE_METHOD_MATCH = YES;
				"CODE_SIGN_IDENTITY[sdk=iphoneos*]" = "iPhone Developer";
				COPY_PHASE_STRIP = NO;
				DEBUG_INFORMATION_FORMAT = dwarf;
				ENABLE_STRICT_OBJC_MSGSEND = YES;
				ENABLE_TESTABILITY = YES;
				GCC_C_LANGUAGE_STANDARD = gnu99;
				GCC_DYNAMIC_NO_PIC = NO;
				GCC_NO_COMMON_BLOCKS = YES;
				GCC_OPTIMIZATION_LEVEL = 0;
				GCC_PREPROCESSOR_DEFINITIONS = (
					"DEBUG=1",
					"$(inherited)",
				);
				GCC_WARN_64_TO_32_BIT_CONVERSION = YES;
				GCC_WARN_ABOUT_RETURN_TYPE = YES_ERROR;
				GCC_WARN_UNDECLARED_SELECTOR = YES;
				GCC_WARN_UNINITIALIZED_AUTOS = YES_AGGRESSIVE;
				GCC_WARN_UNUSED_FUNCTION = YES;
				GCC_WARN_UNUSED_VARIABLE = YES;
				IPHONEOS_DEPLOYMENT_TARGET = 9.3;
				MTL_ENABLE_DEBUG_INFO = YES;
				ONLY_ACTIVE_ARCH = YES;
				SDKROOT = iphoneos;
				SWIFT_OPTIMIZATION_LEVEL = "-Onone";
			};
			name = Debug;
		};
		C1863DD31CAE0BBB006DA9D3 /* Release */ = {
			isa = XCBuildConfiguration;
			buildSettings = {
				ALWAYS_SEARCH_USER_PATHS = NO;
				CLANG_ANALYZER_NONNULL = YES;
				CLANG_CXX_LANGUAGE_STANDARD = "gnu++0x";
				CLANG_CXX_LIBRARY = "libc++";
				CLANG_ENABLE_MODULES = YES;
				CLANG_ENABLE_OBJC_ARC = YES;
				CLANG_WARN_BOOL_CONVERSION = YES;
				CLANG_WARN_CONSTANT_CONVERSION = YES;
				CLANG_WARN_DIRECT_OBJC_ISA_USAGE = YES_ERROR;
				CLANG_WARN_EMPTY_BODY = YES;
				CLANG_WARN_ENUM_CONVERSION = YES;
				CLANG_WARN_INT_CONVERSION = YES;
				CLANG_WARN_OBJC_ROOT_CLASS = YES_ERROR;
				CLANG_WARN_UNREACHABLE_CODE = YES;
				CLANG_WARN__DUPLICATE_METHOD_MATCH = YES;
				"CODE_SIGN_IDENTITY[sdk=iphoneos*]" = "iPhone Developer";
				COPY_PHASE_STRIP = NO;
				DEBUG_INFORMATION_FORMAT = "dwarf-with-dsym";
				ENABLE_NS_ASSERTIONS = NO;
				ENABLE_STRICT_OBJC_MSGSEND = YES;
				GCC_C_LANGUAGE_STANDARD = gnu99;
				GCC_NO_COMMON_BLOCKS = YES;
				GCC_WARN_64_TO_32_BIT_CONVERSION = YES;
				GCC_WARN_ABOUT_RETURN_TYPE = YES_ERROR;
				GCC_WARN_UNDECLARED_SELECTOR = YES;
				GCC_WARN_UNINITIALIZED_AUTOS = YES_AGGRESSIVE;
				GCC_WARN_UNUSED_FUNCTION = YES;
				GCC_WARN_UNUSED_VARIABLE = YES;
				IPHONEOS_DEPLOYMENT_TARGET = 9.3;
				MTL_ENABLE_DEBUG_INFO = NO;
				SDKROOT = iphoneos;
				VALIDATE_PRODUCT = YES;
			};
			name = Release;
		};
		C1863DD51CAE0BBB006DA9D3 /* Debug */ = {
			isa = XCBuildConfiguration;
			buildSettings = {
				ASSETCATALOG_COMPILER_APPICON_NAME = AppIcon;
				INFOPLIST_FILE = "Ios course github/Info.plist";
				LD_RUNPATH_SEARCH_PATHS = "$(inherited) @executable_path/Frameworks";
				PRODUCT_BUNDLE_IDENTIFIER = "com.DGapps.Ios-course-github";
				PRODUCT_NAME = "$(TARGET_NAME)";
			};
			name = Debug;
		};
		C1863DD61CAE0BBB006DA9D3 /* Release */ = {
			isa = XCBuildConfiguration;
			buildSettings = {
				ASSETCATALOG_COMPILER_APPICON_NAME = AppIcon;
				INFOPLIST_FILE = "Ios course github/Info.plist";
				LD_RUNPATH_SEARCH_PATHS = "$(inherited) @executable_path/Frameworks";
				PRODUCT_BUNDLE_IDENTIFIER = "com.DGapps.Ios-course-github";
				PRODUCT_NAME = "$(TARGET_NAME)";
			};
			name = Release;
		};
/* End XCBuildConfiguration section */

/* Begin XCConfigurationList section */
		C1863DBD1CAE0BBB006DA9D3 /* Build configuration list for PBXProject "Ios course github" */ = {
			isa = XCConfigurationList;
			buildConfigurations = (
				C1863DD21CAE0BBB006DA9D3 /* Debug */,
				C1863DD31CAE0BBB006DA9D3 /* Release */,
			);
			defaultConfigurationIsVisible = 0;
			defaultConfigurationName = Release;
		};
		C1863DD41CAE0BBB006DA9D3 /* Build configuration list for PBXNativeTarget "Ios course github" */ = {
			isa = XCConfigurationList;
			buildConfigurations = (
				C1863DD51CAE0BBB006DA9D3 /* Debug */,
				C1863DD61CAE0BBB006DA9D3 /* Release */,
			);
			defaultConfigurationIsVisible = 0;
		};
/* End XCConfigurationList section */
	};
	rootObject = C1863DBA1CAE0BBB006DA9D3 /* Project object */;
}
